<?xml version="1.0" encoding="utf-8"?>
<Project ToolsVersion="4.0" xmlns="http://schemas.microsoft.com/developer/msbuild/2003">
  <ItemGroup>
    <Filter Include="cli">
      <UniqueIdentifier>{e8e2b0ca-a98b-db81-7bde-d4cf77e378c1}</UniqueIdentifier>
    </Filter>
    <Filter Include="cli\detail">
      <UniqueIdentifier>{e9a1d0cc-d9b1-7e74-b9f7-5b7db25dacd2}</UniqueIdentifier>
    </Filter>
  </ItemGroup>
  <ItemGroup>
    <ClCompile Include="..\cli\c_cli.cpp">
      <Filter>cli</Filter>
    </ClCompile>
    <ClInclude Include="..\cli\c_cli.hpp">
      <Filter>cli</Filter>
    </ClInclude>
    <ClCompile Include="..\cli\detail\cli_output.cpp">
      <Filter>cli\detail</Filter>
    </ClCompile>
    <ClInclude Include="..\cli\detail\cli_output.hpp">
      <Filter>cli\detail</Filter>
    </ClInclude>
    <ClCompile Include="..\cli\detail\console.cpp">
      <Filter>cli\detail</Filter>
    </ClCompile>
    <ClInclude Include="..\cli\detail\console.hpp">
      <Filter>cli\detail</Filter>
    </ClInclude>
    <ClCompile Include="..\cli\main.cpp">
      <Filter>cli</Filter>
    </ClCompile>
  </ItemGroup>
</Project>
